// !$*UTF8*$!
{
	archiveVersion = 1;
	classes = {
	};
	objectVersion = 50;
	objects = {

/* Begin PBXBuildFile section */
		281FCEA42536D06700087291 /* AppDelegate.swift in Sources */ = {isa = PBXBuildFile; fileRef = 281FCEA32536D06700087291 /* AppDelegate.swift */; };
		281FCEA62536D06700087291 /* SceneDelegate.swift in Sources */ = {isa = PBXBuildFile; fileRef = 281FCEA52536D06700087291 /* SceneDelegate.swift */; };
		281FCEA82536D06700087291 /* ViewController.swift in Sources */ = {isa = PBXBuildFile; fileRef = 281FCEA72536D06700087291 /* ViewController.swift */; };
		281FCEAB2536D06700087291 /* Main.storyboard in Resources */ = {isa = PBXBuildFile; fileRef = 281FCEA92536D06700087291 /* Main.storyboard */; };
		281FCEB02536D06800087291 /* LaunchScreen.storyboard in Resources */ = {isa = PBXBuildFile; fileRef = 281FCEAE2536D06800087291 /* LaunchScreen.storyboard */; };
		281FCEDD2536D19E00087291 /* AppDelegate.swift in Sources */ = {isa = PBXBuildFile; fileRef = 281FCEDC2536D19E00087291 /* AppDelegate.swift */; };
		281FCEDF2536D19E00087291 /* SceneDelegate.swift in Sources */ = {isa = PBXBuildFile; fileRef = 281FCEDE2536D19E00087291 /* SceneDelegate.swift */; };
		281FCEE12536D19E00087291 /* ViewController.swift in Sources */ = {isa = PBXBuildFile; fileRef = 281FCEE02536D19E00087291 /* ViewController.swift */; };
		281FCEE42536D19E00087291 /* Main.storyboard in Resources */ = {isa = PBXBuildFile; fileRef = 281FCEE22536D19E00087291 /* Main.storyboard */; };
		281FCEE62536D1A000087291 /* Assets.xcassets in Resources */ = {isa = PBXBuildFile; fileRef = 281FCEE52536D1A000087291 /* Assets.xcassets */; };
		281FCEE92536D1A000087291 /* LaunchScreen.storyboard in Resources */ = {isa = PBXBuildFile; fileRef = 281FCEE72536D1A000087291 /* LaunchScreen.storyboard */; };
		281FCF172536D29300087291 /* Assets.xcassets in Resources */ = {isa = PBXBuildFile; fileRef = 281FCEE52536D1A000087291 /* Assets.xcassets */; };
/* End PBXBuildFile section */

/* Begin PBXContainerItemProxy section */
		281FCEB72536D06900087291 /* PBXContainerItemProxy */ = {
			isa = PBXContainerItemProxy;
			containerPortal = 281FCE982536D06700087291 /* Project object */;
			proxyType = 1;
			remoteGlobalIDString = 281FCE9F2536D06700087291;
			remoteInfo = EcommerceApp;
		};
		281FCEC22536D06900087291 /* PBXContainerItemProxy */ = {
			isa = PBXContainerItemProxy;
			containerPortal = 281FCE982536D06700087291 /* Project object */;
			proxyType = 1;
			remoteGlobalIDString = 281FCE9F2536D06700087291;
			remoteInfo = EcommerceApp;
		};
		281FCEF02536D1A000087291 /* PBXContainerItemProxy */ = {
			isa = PBXContainerItemProxy;
			containerPortal = 281FCE982536D06700087291 /* Project object */;
			proxyType = 1;
			remoteGlobalIDString = 281FCED92536D19E00087291;
			remoteInfo = EcommerceAdmin;
		};
		281FCEFB2536D1A000087291 /* PBXContainerItemProxy */ = {
			isa = PBXContainerItemProxy;
			containerPortal = 281FCE982536D06700087291 /* Project object */;
			proxyType = 1;
			remoteGlobalIDString = 281FCED92536D19E00087291;
			remoteInfo = EcommerceAdmin;
		};
/* End PBXContainerItemProxy section */

/* Begin PBXFileReference section */
		281FCEA02536D06700087291 /* EcommerceApp.app */ = {isa = PBXFileReference; explicitFileType = wrapper.application; includeInIndex = 0; path = EcommerceApp.app; sourceTree = BUILT_PRODUCTS_DIR; };
		281FCEA32536D06700087291 /* AppDelegate.swift */ = {isa = PBXFileReference; lastKnownFileType = sourcecode.swift; path = AppDelegate.swift; sourceTree = "<group>"; };
		281FCEA52536D06700087291 /* SceneDelegate.swift */ = {isa = PBXFileReference; lastKnownFileType = sourcecode.swift; path = SceneDelegate.swift; sourceTree = "<group>"; };
		281FCEA72536D06700087291 /* ViewController.swift */ = {isa = PBXFileReference; lastKnownFileType = sourcecode.swift; path = ViewController.swift; sourceTree = "<group>"; };
		281FCEAA2536D06700087291 /* Base */ = {isa = PBXFileReference; lastKnownFileType = file.storyboard; name = Base; path = Base.lproj/Main.storyboard; sourceTree = "<group>"; };
		281FCEAF2536D06800087291 /* Base */ = {isa = PBXFileReference; lastKnownFileType = file.storyboard; name = Base; path = Base.lproj/LaunchScreen.storyboard; sourceTree = "<group>"; };
		281FCEB12536D06800087291 /* Info.plist */ = {isa = PBXFileReference; lastKnownFileType = text.plist.xml; path = Info.plist; sourceTree = "<group>"; };
		281FCEB62536D06900087291 /* EcommerceAppTests.xctest */ = {isa = PBXFileReference; explicitFileType = wrapper.cfbundle; includeInIndex = 0; path = EcommerceAppTests.xctest; sourceTree = BUILT_PRODUCTS_DIR; };
		281FCEC12536D06900087291 /* EcommerceAppUITests.xctest */ = {isa = PBXFileReference; explicitFileType = wrapper.cfbundle; includeInIndex = 0; path = EcommerceAppUITests.xctest; sourceTree = BUILT_PRODUCTS_DIR; };
		281FCEDA2536D19E00087291 /* EcommerceAdmin.app */ = {isa = PBXFileReference; explicitFileType = wrapper.application; includeInIndex = 0; path = EcommerceAdmin.app; sourceTree = BUILT_PRODUCTS_DIR; };
		281FCEDC2536D19E00087291 /* AppDelegate.swift */ = {isa = PBXFileReference; lastKnownFileType = sourcecode.swift; path = AppDelegate.swift; sourceTree = "<group>"; };
		281FCEDE2536D19E00087291 /* SceneDelegate.swift */ = {isa = PBXFileReference; lastKnownFileType = sourcecode.swift; path = SceneDelegate.swift; sourceTree = "<group>"; };
		281FCEE02536D19E00087291 /* ViewController.swift */ = {isa = PBXFileReference; lastKnownFileType = sourcecode.swift; path = ViewController.swift; sourceTree = "<group>"; };
		281FCEE32536D19E00087291 /* Base */ = {isa = PBXFileReference; lastKnownFileType = file.storyboard; name = Base; path = Base.lproj/Main.storyboard; sourceTree = "<group>"; };
		281FCEE52536D1A000087291 /* Assets.xcassets */ = {isa = PBXFileReference; lastKnownFileType = folder.assetcatalog; path = Assets.xcassets; sourceTree = "<group>"; };
		281FCEE82536D1A000087291 /* Base */ = {isa = PBXFileReference; lastKnownFileType = file.storyboard; name = Base; path = Base.lproj/LaunchScreen.storyboard; sourceTree = "<group>"; };
		281FCEEA2536D1A000087291 /* Info.plist */ = {isa = PBXFileReference; lastKnownFileType = text.plist.xml; path = Info.plist; sourceTree = "<group>"; };
		281FCEEF2536D1A000087291 /* EcommerceAdminTests.xctest */ = {isa = PBXFileReference; explicitFileType = wrapper.cfbundle; includeInIndex = 0; path = EcommerceAdminTests.xctest; sourceTree = BUILT_PRODUCTS_DIR; };
		281FCEFA2536D1A000087291 /* EcommerceAdminUITests.xctest */ = {isa = PBXFileReference; explicitFileType = wrapper.cfbundle; includeInIndex = 0; path = EcommerceAdminUITests.xctest; sourceTree = BUILT_PRODUCTS_DIR; };
/* End PBXFileReference section */

/* Begin PBXFrameworksBuildPhase section */
		281FCE9D2536D06700087291 /* Frameworks */ = {
			isa = PBXFrameworksBuildPhase;
			buildActionMask = 2147483647;
			files = (
			);
			runOnlyForDeploymentPostprocessing = 0;
		};
		281FCEB32536D06900087291 /* Frameworks */ = {
			isa = PBXFrameworksBuildPhase;
			buildActionMask = 2147483647;
			files = (
			);
			runOnlyForDeploymentPostprocessing = 0;
		};
		281FCEBE2536D06900087291 /* Frameworks */ = {
			isa = PBXFrameworksBuildPhase;
			buildActionMask = 2147483647;
			files = (
			);
			runOnlyForDeploymentPostprocessing = 0;
		};
		281FCED72536D19E00087291 /* Frameworks */ = {
			isa = PBXFrameworksBuildPhase;
			buildActionMask = 2147483647;
			files = (
			);
			runOnlyForDeploymentPostprocessing = 0;
		};
		281FCEEC2536D1A000087291 /* Frameworks */ = {
			isa = PBXFrameworksBuildPhase;
			buildActionMask = 2147483647;
			files = (
			);
			runOnlyForDeploymentPostprocessing = 0;
		};
		281FCEF72536D1A000087291 /* Frameworks */ = {
			isa = PBXFrameworksBuildPhase;
			buildActionMask = 2147483647;
			files = (
			);
			runOnlyForDeploymentPostprocessing = 0;
		};
/* End PBXFrameworksBuildPhase section */

/* Begin PBXGroup section */
		281FCE972536D06700087291 = {
			isa = PBXGroup;
			children = (
				281FCF102536D1F100087291 /* Shared */,
				281FCEA22536D06700087291 /* EcommerceApp */,
				281FCEDB2536D19E00087291 /* EcommerceAdmin */,
				281FCEA12536D06700087291 /* Products */,
			);
			sourceTree = "<group>";
		};
		281FCEA12536D06700087291 /* Products */ = {
			isa = PBXGroup;
			children = (
				281FCEA02536D06700087291 /* EcommerceApp.app */,
				281FCEB62536D06900087291 /* EcommerceAppTests.xctest */,
				281FCEC12536D06900087291 /* EcommerceAppUITests.xctest */,
				281FCEDA2536D19E00087291 /* EcommerceAdmin.app */,
				281FCEEF2536D1A000087291 /* EcommerceAdminTests.xctest */,
				281FCEFA2536D1A000087291 /* EcommerceAdminUITests.xctest */,
			);
			name = Products;
			sourceTree = "<group>";
		};
		281FCEA22536D06700087291 /* EcommerceApp */ = {
			isa = PBXGroup;
			children = (
				281FCEA32536D06700087291 /* AppDelegate.swift */,
				281FCEA52536D06700087291 /* SceneDelegate.swift */,
				281FCEA72536D06700087291 /* ViewController.swift */,
				281FCEA92536D06700087291 /* Main.storyboard */,
				281FCEAE2536D06800087291 /* LaunchScreen.storyboard */,
				281FCEB12536D06800087291 /* Info.plist */,
			);
			path = EcommerceApp;
			sourceTree = "<group>";
		};
		281FCEDB2536D19E00087291 /* EcommerceAdmin */ = {
			isa = PBXGroup;
			children = (
				281FCEDC2536D19E00087291 /* AppDelegate.swift */,
				281FCEDE2536D19E00087291 /* SceneDelegate.swift */,
				281FCEE02536D19E00087291 /* ViewController.swift */,
				281FCEE22536D19E00087291 /* Main.storyboard */,
				281FCEE72536D1A000087291 /* LaunchScreen.storyboard */,
				281FCEEA2536D1A000087291 /* Info.plist */,
			);
			path = EcommerceAdmin;
			sourceTree = "<group>";
		};
		281FCF102536D1F100087291 /* Shared */ = {
			isa = PBXGroup;
			children = (
				281FCEE52536D1A000087291 /* Assets.xcassets */,
			);
			path = Shared;
			sourceTree = "<group>";
		};
/* End PBXGroup section */

/* Begin PBXNativeTarget section */
		281FCE9F2536D06700087291 /* EcommerceApp */ = {
			isa = PBXNativeTarget;
			buildConfigurationList = 281FCECA2536D06900087291 /* Build configuration list for PBXNativeTarget "EcommerceApp" */;
			buildPhases = (
				281FCE9C2536D06700087291 /* Sources */,
				281FCE9D2536D06700087291 /* Frameworks */,
				281FCE9E2536D06700087291 /* Resources */,
			);
			buildRules = (
			);
			dependencies = (
			);
			name = EcommerceApp;
			productName = EcommerceApp;
			productReference = 281FCEA02536D06700087291 /* EcommerceApp.app */;
			productType = "com.apple.product-type.application";
		};
		281FCEB52536D06900087291 /* EcommerceAppTests */ = {
			isa = PBXNativeTarget;
			buildConfigurationList = 281FCECD2536D06900087291 /* Build configuration list for PBXNativeTarget "EcommerceAppTests" */;
			buildPhases = (
				281FCEB22536D06900087291 /* Sources */,
				281FCEB32536D06900087291 /* Frameworks */,
				281FCEB42536D06900087291 /* Resources */,
			);
			buildRules = (
			);
			dependencies = (
				281FCEB82536D06900087291 /* PBXTargetDependency */,
			);
			name = EcommerceAppTests;
			productName = EcommerceAppTests;
			productReference = 281FCEB62536D06900087291 /* EcommerceAppTests.xctest */;
			productType = "com.apple.product-type.bundle.unit-test";
		};
		281FCEC02536D06900087291 /* EcommerceAppUITests */ = {
			isa = PBXNativeTarget;
			buildConfigurationList = 281FCED02536D06900087291 /* Build configuration list for PBXNativeTarget "EcommerceAppUITests" */;
			buildPhases = (
				281FCEBD2536D06900087291 /* Sources */,
				281FCEBE2536D06900087291 /* Frameworks */,
				281FCEBF2536D06900087291 /* Resources */,
			);
			buildRules = (
			);
			dependencies = (
				281FCEC32536D06900087291 /* PBXTargetDependency */,
			);
			name = EcommerceAppUITests;
			productName = EcommerceAppUITests;
			productReference = 281FCEC12536D06900087291 /* EcommerceAppUITests.xctest */;
			productType = "com.apple.product-type.bundle.ui-testing";
		};
		281FCED92536D19E00087291 /* EcommerceAdmin */ = {
			isa = PBXNativeTarget;
			buildConfigurationList = 281FCF012536D1A000087291 /* Build configuration list for PBXNativeTarget "EcommerceAdmin" */;
			buildPhases = (
				281FCED62536D19E00087291 /* Sources */,
				281FCED72536D19E00087291 /* Frameworks */,
				281FCED82536D19E00087291 /* Resources */,
			);
			buildRules = (
			);
			dependencies = (
			);
			name = EcommerceAdmin;
			productName = EcommerceAdmin;
			productReference = 281FCEDA2536D19E00087291 /* EcommerceAdmin.app */;
			productType = "com.apple.product-type.application";
		};
		281FCEEE2536D1A000087291 /* EcommerceAdminTests */ = {
			isa = PBXNativeTarget;
			buildConfigurationList = 281FCF042536D1A000087291 /* Build configuration list for PBXNativeTarget "EcommerceAdminTests" */;
			buildPhases = (
				281FCEEB2536D1A000087291 /* Sources */,
				281FCEEC2536D1A000087291 /* Frameworks */,
				281FCEED2536D1A000087291 /* Resources */,
			);
			buildRules = (
			);
			dependencies = (
				281FCEF12536D1A000087291 /* PBXTargetDependency */,
			);
			name = EcommerceAdminTests;
			productName = EcommerceAdminTests;
			productReference = 281FCEEF2536D1A000087291 /* EcommerceAdminTests.xctest */;
			productType = "com.apple.product-type.bundle.unit-test";
		};
		281FCEF92536D1A000087291 /* EcommerceAdminUITests */ = {
			isa = PBXNativeTarget;
			buildConfigurationList = 281FCF072536D1A000087291 /* Build configuration list for PBXNativeTarget "EcommerceAdminUITests" */;
			buildPhases = (
				281FCEF62536D1A000087291 /* Sources */,
				281FCEF72536D1A000087291 /* Frameworks */,
				281FCEF82536D1A000087291 /* Resources */,
			);
			buildRules = (
			);
			dependencies = (
				281FCEFC2536D1A000087291 /* PBXTargetDependency */,
			);
			name = EcommerceAdminUITests;
			productName = EcommerceAdminUITests;
			productReference = 281FCEFA2536D1A000087291 /* EcommerceAdminUITests.xctest */;
			productType = "com.apple.product-type.bundle.ui-testing";
		};
/* End PBXNativeTarget section */

/* Begin PBXProject section */
		281FCE982536D06700087291 /* Project object */ = {
			isa = PBXProject;
			attributes = {
				LastSwiftUpdateCheck = 1200;
				LastUpgradeCheck = 1200;
				TargetAttributes = {
					281FCE9F2536D06700087291 = {
						CreatedOnToolsVersion = 12.0.1;
					};
					281FCEB52536D06900087291 = {
						CreatedOnToolsVersion = 12.0.1;
						TestTargetID = 281FCE9F2536D06700087291;
					};
					281FCEC02536D06900087291 = {
						CreatedOnToolsVersion = 12.0.1;
						TestTargetID = 281FCE9F2536D06700087291;
					};
					281FCED92536D19E00087291 = {
						CreatedOnToolsVersion = 12.0.1;
					};
					281FCEEE2536D1A000087291 = {
						CreatedOnToolsVersion = 12.0.1;
						TestTargetID = 281FCED92536D19E00087291;
					};
					281FCEF92536D1A000087291 = {
						CreatedOnToolsVersion = 12.0.1;
						TestTargetID = 281FCED92536D19E00087291;
					};
				};
			};
			buildConfigurationList = 281FCE9B2536D06700087291 /* Build configuration list for PBXProject "EcommerceApp" */;
			compatibilityVersion = "Xcode 9.3";
			developmentRegion = en;
			hasScannedForEncodings = 0;
			knownRegions = (
				en,
				Base,
			);
			mainGroup = 281FCE972536D06700087291;
			productRefGroup = 281FCEA12536D06700087291 /* Products */;
			projectDirPath = "";
			projectRoot = "";
			targets = (
				281FCE9F2536D06700087291 /* EcommerceApp */,
				281FCEB52536D06900087291 /* EcommerceAppTests */,
				281FCEC02536D06900087291 /* EcommerceAppUITests */,
				281FCED92536D19E00087291 /* EcommerceAdmin */,
				281FCEEE2536D1A000087291 /* EcommerceAdminTests */,
				281FCEF92536D1A000087291 /* EcommerceAdminUITests */,
			);
		};
/* End PBXProject section */

/* Begin PBXResourcesBuildPhase section */
		281FCE9E2536D06700087291 /* Resources */ = {
			isa = PBXResourcesBuildPhase;
			buildActionMask = 2147483647;
			files = (
				281FCEB02536D06800087291 /* LaunchScreen.storyboard in Resources */,
				281FCF172536D29300087291 /* Assets.xcassets in Resources */,
				281FCEAB2536D06700087291 /* Main.storyboard in Resources */,
			);
			runOnlyForDeploymentPostprocessing = 0;
		};
		281FCEB42536D06900087291 /* Resources */ = {
			isa = PBXResourcesBuildPhase;
			buildActionMask = 2147483647;
			files = (
			);
			runOnlyForDeploymentPostprocessing = 0;
		};
		281FCEBF2536D06900087291 /* Resources */ = {
			isa = PBXResourcesBuildPhase;
			buildActionMask = 2147483647;
			files = (
			);
			runOnlyForDeploymentPostprocessing = 0;
		};
		281FCED82536D19E00087291 /* Resources */ = {
			isa = PBXResourcesBuildPhase;
			buildActionMask = 2147483647;
			files = (
				281FCEE92536D1A000087291 /* LaunchScreen.storyboard in Resources */,
				281FCEE62536D1A000087291 /* Assets.xcassets in Resources */,
				281FCEE42536D19E00087291 /* Main.storyboard in Resources */,
			);
			runOnlyForDeploymentPostprocessing = 0;
		};
		281FCEED2536D1A000087291 /* Resources */ = {
			isa = PBXResourcesBuildPhase;
			buildActionMask = 2147483647;
			files = (
			);
			runOnlyForDeploymentPostprocessing = 0;
		};
		281FCEF82536D1A000087291 /* Resources */ = {
			isa = PBXResourcesBuildPhase;
			buildActionMask = 2147483647;
			files = (
			);
			runOnlyForDeploymentPostprocessing = 0;
		};
/* End PBXResourcesBuildPhase section */

/* Begin PBXSourcesBuildPhase section */
		281FCE9C2536D06700087291 /* Sources */ = {
			isa = PBXSourcesBuildPhase;
			buildActionMask = 2147483647;
			files = (
				281FCEA82536D06700087291 /* ViewController.swift in Sources */,
				281FCEA42536D06700087291 /* AppDelegate.swift in Sources */,
				281FCEA62536D06700087291 /* SceneDelegate.swift in Sources */,
			);
			runOnlyForDeploymentPostprocessing = 0;
		};
		281FCEB22536D06900087291 /* Sources */ = {
			isa = PBXSourcesBuildPhase;
			buildActionMask = 2147483647;
			files = (
			);
			runOnlyForDeploymentPostprocessing = 0;
		};
		281FCEBD2536D06900087291 /* Sources */ = {
			isa = PBXSourcesBuildPhase;
			buildActionMask = 2147483647;
			files = (
			);
			runOnlyForDeploymentPostprocessing = 0;
		};
		281FCED62536D19E00087291 /* Sources */ = {
			isa = PBXSourcesBuildPhase;
			buildActionMask = 2147483647;
			files = (
				281FCEE12536D19E00087291 /* ViewController.swift in Sources */,
				281FCEDD2536D19E00087291 /* AppDelegate.swift in Sources */,
				281FCEDF2536D19E00087291 /* SceneDelegate.swift in Sources */,
			);
			runOnlyForDeploymentPostprocessing = 0;
		};
		281FCEEB2536D1A000087291 /* Sources */ = {
			isa = PBXSourcesBuildPhase;
			buildActionMask = 2147483647;
			files = (
			);
			runOnlyForDeploymentPostprocessing = 0;
		};
		281FCEF62536D1A000087291 /* Sources */ = {
			isa = PBXSourcesBuildPhase;
			buildActionMask = 2147483647;
			files = (
			);
			runOnlyForDeploymentPostprocessing = 0;
		};
/* End PBXSourcesBuildPhase section */

/* Begin PBXTargetDependency section */
		281FCEB82536D06900087291 /* PBXTargetDependency */ = {
			isa = PBXTargetDependency;
			target = 281FCE9F2536D06700087291 /* EcommerceApp */;
			targetProxy = 281FCEB72536D06900087291 /* PBXContainerItemProxy */;
		};
		281FCEC32536D06900087291 /* PBXTargetDependency */ = {
			isa = PBXTargetDependency;
			target = 281FCE9F2536D06700087291 /* EcommerceApp */;
			targetProxy = 281FCEC22536D06900087291 /* PBXContainerItemProxy */;
		};
		281FCEF12536D1A000087291 /* PBXTargetDependency */ = {
			isa = PBXTargetDependency;
			target = 281FCED92536D19E00087291 /* EcommerceAdmin */;
			targetProxy = 281FCEF02536D1A000087291 /* PBXContainerItemProxy */;
		};
		281FCEFC2536D1A000087291 /* PBXTargetDependency */ = {
			isa = PBXTargetDependency;
			target = 281FCED92536D19E00087291 /* EcommerceAdmin */;
			targetProxy = 281FCEFB2536D1A000087291 /* PBXContainerItemProxy */;
		};
/* End PBXTargetDependency section */

/* Begin PBXVariantGroup section */
		281FCEA92536D06700087291 /* Main.storyboard */ = {
			isa = PBXVariantGroup;
			children = (
				281FCEAA2536D06700087291 /* Base */,
			);
			name = Main.storyboard;
			sourceTree = "<group>";
		};
		281FCEAE2536D06800087291 /* LaunchScreen.storyboard */ = {
			isa = PBXVariantGroup;
			children = (
				281FCEAF2536D06800087291 /* Base */,
			);
			name = LaunchScreen.storyboard;
			sourceTree = "<group>";
		};
		281FCEE22536D19E00087291 /* Main.storyboard */ = {
			isa = PBXVariantGroup;
			children = (
				281FCEE32536D19E00087291 /* Base */,
			);
			name = Main.storyboard;
			sourceTree = "<group>";
		};
		281FCEE72536D1A000087291 /* LaunchScreen.storyboard */ = {
			isa = PBXVariantGroup;
			children = (
				281FCEE82536D1A000087291 /* Base */,
			);
			name = LaunchScreen.storyboard;
			sourceTree = "<group>";
		};
/* End PBXVariantGroup section */

/* Begin XCBuildConfiguration section */
		281FCEC82536D06900087291 /* Debug */ = {
			isa = XCBuildConfiguration;
			buildSettings = {
				ALWAYS_SEARCH_USER_PATHS = NO;
				CLANG_ANALYZER_NONNULL = YES;
				CLANG_ANALYZER_NUMBER_OBJECT_CONVERSION = YES_AGGRESSIVE;
				CLANG_CXX_LANGUAGE_STANDARD = "gnu++14";
				CLANG_CXX_LIBRARY = "libc++";
				CLANG_ENABLE_MODULES = YES;
				CLANG_ENABLE_OBJC_ARC = YES;
				CLANG_ENABLE_OBJC_WEAK = YES;
				CLANG_WARN_BLOCK_CAPTURE_AUTORELEASING = YES;
				CLANG_WARN_BOOL_CONVERSION = YES;
				CLANG_WARN_COMMA = YES;
				CLANG_WARN_CONSTANT_CONVERSION = YES;
				CLANG_WARN_DEPRECATED_OBJC_IMPLEMENTATIONS = YES;
				CLANG_WARN_DIRECT_OBJC_ISA_USAGE = YES_ERROR;
				CLANG_WARN_DOCUMENTATION_COMMENTS = YES;
				CLANG_WARN_EMPTY_BODY = YES;
				CLANG_WARN_ENUM_CONVERSION = YES;
				CLANG_WARN_INFINITE_RECURSION = YES;
				CLANG_WARN_INT_CONVERSION = YES;
				CLANG_WARN_NON_LITERAL_NULL_CONVERSION = YES;
				CLANG_WARN_OBJC_IMPLICIT_RETAIN_SELF = YES;
				CLANG_WARN_OBJC_LITERAL_CONVERSION = YES;
				CLANG_WARN_OBJC_ROOT_CLASS = YES_ERROR;
				CLANG_WARN_QUOTED_INCLUDE_IN_FRAMEWORK_HEADER = YES;
				CLANG_WARN_RANGE_LOOP_ANALYSIS = YES;
				CLANG_WARN_STRICT_PROTOTYPES = YES;
				CLANG_WARN_SUSPICIOUS_MOVE = YES;
				CLANG_WARN_UNGUARDED_AVAILABILITY = YES_AGGRESSIVE;
				CLANG_WARN_UNREACHABLE_CODE = YES;
				CLANG_WARN__DUPLICATE_METHOD_MATCH = YES;
				COPY_PHASE_STRIP = NO;
				DEBUG_INFORMATION_FORMAT = dwarf;
				ENABLE_STRICT_OBJC_MSGSEND = YES;
				ENABLE_TESTABILITY = YES;
				GCC_C_LANGUAGE_STANDARD = gnu11;
				GCC_DYNAMIC_NO_PIC = NO;
				GCC_NO_COMMON_BLOCKS = YES;
				GCC_OPTIMIZATION_LEVEL = 0;
				GCC_PREPROCESSOR_DEFINITIONS = (
					"DEBUG=1",
					"$(inherited)",
				);
				GCC_WARN_64_TO_32_BIT_CONVERSION = YES;
				GCC_WARN_ABOUT_RETURN_TYPE = YES_ERROR;
				GCC_WARN_UNDECLARED_SELECTOR = YES;
				GCC_WARN_UNINITIALIZED_AUTOS = YES_AGGRESSIVE;
				GCC_WARN_UNUSED_FUNCTION = YES;
				GCC_WARN_UNUSED_VARIABLE = YES;
				IPHONEOS_DEPLOYMENT_TARGET = 14.0;
				MTL_ENABLE_DEBUG_INFO = INCLUDE_SOURCE;
				MTL_FAST_MATH = YES;
				ONLY_ACTIVE_ARCH = YES;
				SDKROOT = iphoneos;
				SWIFT_ACTIVE_COMPILATION_CONDITIONS = DEBUG;
				SWIFT_OPTIMIZATION_LEVEL = "-Onone";
			};
			name = Debug;
		};
		281FCEC92536D06900087291 /* Release */ = {
			isa = XCBuildConfiguration;
			buildSettings = {
				ALWAYS_SEARCH_USER_PATHS = NO;
				CLANG_ANALYZER_NONNULL = YES;
				CLANG_ANALYZER_NUMBER_OBJECT_CONVERSION = YES_AGGRESSIVE;
				CLANG_CXX_LANGUAGE_STANDARD = "gnu++14";
				CLANG_CXX_LIBRARY = "libc++";
				CLANG_ENABLE_MODULES = YES;
				CLANG_ENABLE_OBJC_ARC = YES;
				CLANG_ENABLE_OBJC_WEAK = YES;
				CLANG_WARN_BLOCK_CAPTURE_AUTORELEASING = YES;
				CLANG_WARN_BOOL_CONVERSION = YES;
				CLANG_WARN_COMMA = YES;
				CLANG_WARN_CONSTANT_CONVERSION = YES;
				CLANG_WARN_DEPRECATED_OBJC_IMPLEMENTATIONS = YES;
				CLANG_WARN_DIRECT_OBJC_ISA_USAGE = YES_ERROR;
				CLANG_WARN_DOCUMENTATION_COMMENTS = YES;
				CLANG_WARN_EMPTY_BODY = YES;
				CLANG_WARN_ENUM_CONVERSION = YES;
				CLANG_WARN_INFINITE_RECURSION = YES;
				CLANG_WARN_INT_CONVERSION = YES;
				CLANG_WARN_NON_LITERAL_NULL_CONVERSION = YES;
				CLANG_WARN_OBJC_IMPLICIT_RETAIN_SELF = YES;
				CLANG_WARN_OBJC_LITERAL_CONVERSION = YES;
				CLANG_WARN_OBJC_ROOT_CLASS = YES_ERROR;
				CLANG_WARN_QUOTED_INCLUDE_IN_FRAMEWORK_HEADER = YES;
				CLANG_WARN_RANGE_LOOP_ANALYSIS = YES;
				CLANG_WARN_STRICT_PROTOTYPES = YES;
				CLANG_WARN_SUSPICIOUS_MOVE = YES;
				CLANG_WARN_UNGUARDED_AVAILABILITY = YES_AGGRESSIVE;
				CLANG_WARN_UNREACHABLE_CODE = YES;
				CLANG_WARN__DUPLICATE_METHOD_MATCH = YES;
				COPY_PHASE_STRIP = NO;
				DEBUG_INFORMATION_FORMAT = "dwarf-with-dsym";
				ENABLE_NS_ASSERTIONS = NO;
				ENABLE_STRICT_OBJC_MSGSEND = YES;
				GCC_C_LANGUAGE_STANDARD = gnu11;
				GCC_NO_COMMON_BLOCKS = YES;
				GCC_WARN_64_TO_32_BIT_CONVERSION = YES;
				GCC_WARN_ABOUT_RETURN_TYPE = YES_ERROR;
				GCC_WARN_UNDECLARED_SELECTOR = YES;
				GCC_WARN_UNINITIALIZED_AUTOS = YES_AGGRESSIVE;
				GCC_WARN_UNUSED_FUNCTION = YES;
				GCC_WARN_UNUSED_VARIABLE = YES;
				IPHONEOS_DEPLOYMENT_TARGET = 14.0;
				MTL_ENABLE_DEBUG_INFO = NO;
				MTL_FAST_MATH = YES;
				SDKROOT = iphoneos;
				SWIFT_COMPILATION_MODE = wholemodule;
				SWIFT_OPTIMIZATION_LEVEL = "-O";
				VALIDATE_PRODUCT = YES;
			};
			name = Release;
		};
		281FCECB2536D06900087291 /* Debug */ = {
			isa = XCBuildConfiguration;
			buildSettings = {
				ASSETCATALOG_COMPILER_APPICON_NAME = AppIcon;
				ASSETCATALOG_COMPILER_GLOBAL_ACCENT_COLOR_NAME = AccentColor;
				CODE_SIGN_STYLE = Automatic;
				DEVELOPMENT_TEAM = T7V3T8M7U8;
				INFOPLIST_FILE = EcommerceApp/Info.plist;
				LD_RUNPATH_SEARCH_PATHS = (
					"$(inherited)",
					"@executable_path/Frameworks",
				);
				PRODUCT_BUNDLE_IDENTIFIER = com.basmasaidbs.EcommerceApp;
				PRODUCT_NAME = "$(TARGET_NAME)";
				SWIFT_VERSION = 5.0;
				TARGETED_DEVICE_FAMILY = "1,2";
			};
			name = Debug;
		};
		281FCECC2536D06900087291 /* Release */ = {
			isa = XCBuildConfiguration;
			buildSettings = {
				ASSETCATALOG_COMPILER_APPICON_NAME = AppIcon;
				ASSETCATALOG_COMPILER_GLOBAL_ACCENT_COLOR_NAME = AccentColor;
				CODE_SIGN_STYLE = Automatic;
				DEVELOPMENT_TEAM = T7V3T8M7U8;
				INFOPLIST_FILE = EcommerceApp/Info.plist;
				LD_RUNPATH_SEARCH_PATHS = (
					"$(inherited)",
					"@executable_path/Frameworks",
				);
				PRODUCT_BUNDLE_IDENTIFIER = com.basmasaidbs.EcommerceApp;
				PRODUCT_NAME = "$(TARGET_NAME)";
				SWIFT_VERSION = 5.0;
				TARGETED_DEVICE_FAMILY = "1,2";
			};
			name = Release;
		};
		281FCECE2536D06900087291 /* Debug */ = {
			isa = XCBuildConfiguration;
			buildSettings = {
				ALWAYS_EMBED_SWIFT_STANDARD_LIBRARIES = YES;
				BUNDLE_LOADER = "$(TEST_HOST)";
				CODE_SIGN_STYLE = Automatic;
				DEVELOPMENT_TEAM = T7V3T8M7U8;
				INFOPLIST_FILE = EcommerceAppTests/Info.plist;
				IPHONEOS_DEPLOYMENT_TARGET = 14.0;
				LD_RUNPATH_SEARCH_PATHS = (
					"$(inherited)",
					"@executable_path/Frameworks",
					"@loader_path/Frameworks",
				);
				PRODUCT_BUNDLE_IDENTIFIER = com.basmasaidbs.EcommerceAppTests;
				PRODUCT_NAME = "$(TARGET_NAME)";
				SWIFT_VERSION = 5.0;
				TARGETED_DEVICE_FAMILY = "1,2";
				TEST_HOST = "$(BUILT_PRODUCTS_DIR)/EcommerceApp.app/EcommerceApp";
			};
			name = Debug;
		};
		281FCECF2536D06900087291 /* Release */ = {
			isa = XCBuildConfiguration;
			buildSettings = {
				ALWAYS_EMBED_SWIFT_STANDARD_LIBRARIES = YES;
				BUNDLE_LOADER = "$(TEST_HOST)";
				CODE_SIGN_STYLE = Automatic;
				DEVELOPMENT_TEAM = T7V3T8M7U8;
				INFOPLIST_FILE = EcommerceAppTests/Info.plist;
				IPHONEOS_DEPLOYMENT_TARGET = 14.0;
				LD_RUNPATH_SEARCH_PATHS = (
					"$(inherited)",
					"@executable_path/Frameworks",
					"@loader_path/Frameworks",
				);
				PRODUCT_BUNDLE_IDENTIFIER = com.basmasaidbs.EcommerceAppTests;
				PRODUCT_NAME = "$(TARGET_NAME)";
				SWIFT_VERSION = 5.0;
				TARGETED_DEVICE_FAMILY = "1,2";
				TEST_HOST = "$(BUILT_PRODUCTS_DIR)/EcommerceApp.app/EcommerceApp";
			};
			name = Release;
		};
		281FCED12536D06900087291 /* Debug */ = {
			isa = XCBuildConfiguration;
			buildSettings = {
				ALWAYS_EMBED_SWIFT_STANDARD_LIBRARIES = YES;
				CODE_SIGN_STYLE = Automatic;
				DEVELOPMENT_TEAM = T7V3T8M7U8;
				INFOPLIST_FILE = EcommerceAppUITests/Info.plist;
				LD_RUNPATH_SEARCH_PATHS = (
					"$(inherited)",
					"@executable_path/Frameworks",
					"@loader_path/Frameworks",
				);
				PRODUCT_BUNDLE_IDENTIFIER = com.basmasaidbs.EcommerceAppUITests;
				PRODUCT_NAME = "$(TARGET_NAME)";
				SWIFT_VERSION = 5.0;
				TARGETED_DEVICE_FAMILY = "1,2";
				TEST_TARGET_NAME = EcommerceApp;
			};
			name = Debug;
		};
		281FCED22536D06900087291 /* Release */ = {
			isa = XCBuildConfiguration;
			buildSettings = {
				ALWAYS_EMBED_SWIFT_STANDARD_LIBRARIES = YES;
				CODE_SIGN_STYLE = Automatic;
				DEVELOPMENT_TEAM = T7V3T8M7U8;
				INFOPLIST_FILE = EcommerceAppUITests/Info.plist;
				LD_RUNPATH_SEARCH_PATHS = (
					"$(inherited)",
					"@executable_path/Frameworks",
					"@loader_path/Frameworks",
				);
				PRODUCT_BUNDLE_IDENTIFIER = com.basmasaidbs.EcommerceAppUITests;
				PRODUCT_NAME = "$(TARGET_NAME)";
				SWIFT_VERSION = 5.0;
				TARGETED_DEVICE_FAMILY = "1,2";
				TEST_TARGET_NAME = EcommerceApp;
			};
			name = Release;
		};
		281FCF022536D1A000087291 /* Debug */ = {
			isa = XCBuildConfiguration;
			buildSettings = {
				ASSETCATALOG_COMPILER_APPICON_NAME = AppIcon;
				ASSETCATALOG_COMPILER_GLOBAL_ACCENT_COLOR_NAME = AccentColor;
				CODE_SIGN_STYLE = Automatic;
				DEVELOPMENT_TEAM = T7V3T8M7U8;
				INFOPLIST_FILE = EcommerceAdmin/Info.plist;
				LD_RUNPATH_SEARCH_PATHS = (
					"$(inherited)",
					"@executable_path/Frameworks",
				);
				PRODUCT_BUNDLE_IDENTIFIER = com.basmasaidbs.EcommerceAdmin;
				PRODUCT_NAME = "$(TARGET_NAME)";
				SWIFT_VERSION = 5.0;
				TARGETED_DEVICE_FAMILY = "1,2";
			};
			name = Debug;
		};
		281FCF032536D1A000087291 /* Release */ = {
			isa = XCBuildConfiguration;
			buildSettings = {
				ASSETCATALOG_COMPILER_APPICON_NAME = AppIcon;
				ASSETCATALOG_COMPILER_GLOBAL_ACCENT_COLOR_NAME = AccentColor;
				CODE_SIGN_STYLE = Automatic;
				DEVELOPMENT_TEAM = T7V3T8M7U8;
				INFOPLIST_FILE = EcommerceAdmin/Info.plist;
				LD_RUNPATH_SEARCH_PATHS = (
					"$(inherited)",
					"@executable_path/Frameworks",
				);
				PRODUCT_BUNDLE_IDENTIFIER = com.basmasaidbs.EcommerceAdmin;
				PRODUCT_NAME = "$(TARGET_NAME)";
				SWIFT_VERSION = 5.0;
				TARGETED_DEVICE_FAMILY = "1,2";
			};
			name = Release;
		};
		281FCF052536D1A000087291 /* Debug */ = {
			isa = XCBuildConfiguration;
			buildSettings = {
				ALWAYS_EMBED_SWIFT_STANDARD_LIBRARIES = YES;
				BUNDLE_LOADER = "$(TEST_HOST)";
				CODE_SIGN_STYLE = Automatic;
				DEVELOPMENT_TEAM = T7V3T8M7U8;
				INFOPLIST_FILE = EcommerceAdminTests/Info.plist;
				IPHONEOS_DEPLOYMENT_TARGET = 14.0;
				LD_RUNPATH_SEARCH_PATHS = (
					"$(inherited)",
					"@executable_path/Frameworks",
					"@loader_path/Frameworks",
				);
				PRODUCT_BUNDLE_IDENTIFIER = com.basmasaidbs.EcommerceAdminTests;
				PRODUCT_NAME = "$(TARGET_NAME)";
				SWIFT_VERSION = 5.0;
				TARGETED_DEVICE_FAMILY = "1,2";
				TEST_HOST = "$(BUILT_PRODUCTS_DIR)/EcommerceAdmin.app/EcommerceAdmin";
			};
			name = Debug;
		};
		281FCF062536D1A000087291 /* Release */ = {
			isa = XCBuildConfiguration;
			buildSettings = {
				ALWAYS_EMBED_SWIFT_STANDARD_LIBRARIES = YES;
				BUNDLE_LOADER = "$(TEST_HOST)";
				CODE_SIGN_STYLE = Automatic;
				DEVELOPMENT_TEAM = T7V3T8M7U8;
				INFOPLIST_FILE = EcommerceAdminTests/Info.plist;
				IPHONEOS_DEPLOYMENT_TARGET = 14.0;
				LD_RUNPATH_SEARCH_PATHS = (
					"$(inherited)",
					"@executable_path/Frameworks",
					"@loader_path/Frameworks",
				);
				PRODUCT_BUNDLE_IDENTIFIER = com.basmasaidbs.EcommerceAdminTests;
				PRODUCT_NAME = "$(TARGET_NAME)";
				SWIFT_VERSION = 5.0;
				TARGETED_DEVICE_FAMILY = "1,2";
				TEST_HOST = "$(BUILT_PRODUCTS_DIR)/EcommerceAdmin.app/EcommerceAdmin";
			};
			name = Release;
		};
		281FCF082536D1A000087291 /* Debug */ = {
			isa = XCBuildConfiguration;
			buildSettings = {
				ALWAYS_EMBED_SWIFT_STANDARD_LIBRARIES = YES;
				CODE_SIGN_STYLE = Automatic;
				DEVELOPMENT_TEAM = T7V3T8M7U8;
				INFOPLIST_FILE = EcommerceAdminUITests/Info.plist;
				LD_RUNPATH_SEARCH_PATHS = (
					"$(inherited)",
					"@executable_path/Frameworks",
					"@loader_path/Frameworks",
				);
				PRODUCT_BUNDLE_IDENTIFIER = com.basmasaidbs.EcommerceAdminUITests;
				PRODUCT_NAME = "$(TARGET_NAME)";
				SWIFT_VERSION = 5.0;
				TARGETED_DEVICE_FAMILY = "1,2";
				TEST_TARGET_NAME = EcommerceAdmin;
			};
			name = Debug;
		};
		281FCF092536D1A000087291 /* Release */ = {
			isa = XCBuildConfiguration;
			buildSettings = {
				ALWAYS_EMBED_SWIFT_STANDARD_LIBRARIES = YES;
				CODE_SIGN_STYLE = Automatic;
				DEVELOPMENT_TEAM = T7V3T8M7U8;
				INFOPLIST_FILE = EcommerceAdminUITests/Info.plist;
				LD_RUNPATH_SEARCH_PATHS = (
					"$(inherited)",
					"@executable_path/Frameworks",
					"@loader_path/Frameworks",
				);
				PRODUCT_BUNDLE_IDENTIFIER = com.basmasaidbs.EcommerceAdminUITests;
				PRODUCT_NAME = "$(TARGET_NAME)";
				SWIFT_VERSION = 5.0;
				TARGETED_DEVICE_FAMILY = "1,2";
				TEST_TARGET_NAME = EcommerceAdmin;
			};
			name = Release;
		};
/* End XCBuildConfiguration section */

/* Begin XCConfigurationList section */
		281FCE9B2536D06700087291 /* Build configuration list for PBXProject "EcommerceApp" */ = {
			isa = XCConfigurationList;
			buildConfigurations = (
				281FCEC82536D06900087291 /* Debug */,
				281FCEC92536D06900087291 /* Release */,
			);
			defaultConfigurationIsVisible = 0;
			defaultConfigurationName = Release;
		};
		281FCECA2536D06900087291 /* Build configuration list for PBXNativeTarget "EcommerceApp" */ = {
			isa = XCConfigurationList;
			buildConfigurations = (
				281FCECB2536D06900087291 /* Debug */,
				281FCECC2536D06900087291 /* Release */,
			);
			defaultConfigurationIsVisible = 0;
			defaultConfigurationName = Release;
		};
		281FCECD2536D06900087291 /* Build configuration list for PBXNativeTarget "EcommerceAppTests" */ = {
			isa = XCConfigurationList;
			buildConfigurations = (
				281FCECE2536D06900087291 /* Debug */,
				281FCECF2536D06900087291 /* Release */,
			);
			defaultConfigurationIsVisible = 0;
			defaultConfigurationName = Release;
		};
		281FCED02536D06900087291 /* Build configuration list for PBXNativeTarget "EcommerceAppUITests" */ = {
			isa = XCConfigurationList;
			buildConfigurations = (
				281FCED12536D06900087291 /* Debug */,
				281FCED22536D06900087291 /* Release */,
			);
			defaultConfigurationIsVisible = 0;
			defaultConfigurationName = Release;
		};
		281FCF012536D1A000087291 /* Build configuration list for PBXNativeTarget "EcommerceAdmin" */ = {
			isa = XCConfigurationList;
			buildConfigurations = (
				281FCF022536D1A000087291 /* Debug */,
				281FCF032536D1A000087291 /* Release */,
			);
			defaultConfigurationIsVisible = 0;
			defaultConfigurationName = Release;
		};
		281FCF042536D1A000087291 /* Build configuration list for PBXNativeTarget "EcommerceAdminTests" */ = {
			isa = XCConfigurationList;
			buildConfigurations = (
				281FCF052536D1A000087291 /* Debug */,
				281FCF062536D1A000087291 /* Release */,
			);
			defaultConfigurationIsVisible = 0;
			defaultConfigurationName = Release;
		};
		281FCF072536D1A000087291 /* Build configuration list for PBXNativeTarget "EcommerceAdminUITests" */ = {
			isa = XCConfigurationList;
			buildConfigurations = (
				281FCF082536D1A000087291 /* Debug */,
				281FCF092536D1A000087291 /* Release */,
			);
			defaultConfigurationIsVisible = 0;
			defaultConfigurationName = Release;
		};
/* End XCConfigurationList section */
	};
	rootObject = 281FCE982536D06700087291 /* Project object */;
}
